
Microsoft Visual Studio Solution File, Format Version 12.00
# Visual Studio Version 16
VisualStudioVersion = 16.0.31702.278
MinimumVisualStudioVersion = 10.0.40219.1
Project("{9A19103F-16F7-4668-BE54-9A1E7A4F7556}") = "MonkeyBot", "MonkeyBot\MonkeyBot.csproj", "{16306D0F-7B2A-4CEA-8138-DC0EC38CE217}"
EndProject
Project("{FAE04EC0-301F-11D3-BF4B-00C04F79EFBC}") = "MonkeyBot.UnitTests", "MonkeyBot.UnitTests\MonkeyBot.UnitTests.csproj", "{C4542675-042C-4ACB-A29A-33E3D4CCFEE4}"
EndProject
Global
	GlobalSection(SolutionConfigurationPlatforms) = preSolution
		Debug|Any CPU = Debug|Any CPU
		Release|Any CPU = Release|Any CPU
	EndGlobalSection
	GlobalSection(ProjectConfigurationPlatforms) = postSolution
		{16306D0F-7B2A-4CEA-8138-DC0EC38CE217}.Debug|Any CPU.ActiveCfg = Debug|Any CPU
		{16306D0F-7B2A-4CEA-8138-DC0EC38CE217}.Debug|Any CPU.Build.0 = Debug|Any CPU
		{16306D0F-7B2A-4CEA-8138-DC0EC38CE217}.Release|Any CPU.ActiveCfg = Release|Any CPU
		{16306D0F-7B2A-4CEA-8138-DC0EC38CE217}.Release|Any CPU.Build.0 = Release|Any CPU
		{C4542675-042C-4ACB-A29A-33E3D4CCFEE4}.Debug|Any CPU.ActiveCfg = Debug|Any CPU
		{C4542675-042C-4ACB-A29A-33E3D4CCFEE4}.Debug|Any CPU.Build.0 = Debug|Any CPU
		{C4542675-042C-4ACB-A29A-33E3D4CCFEE4}.Release|Any CPU.ActiveCfg = Release|Any CPU
		{C4542675-042C-4ACB-A29A-33E3D4CCFEE4}.Release|Any CPU.Build.0 = Release|Any CPU
	EndGlobalSection
	GlobalSection(SolutionProperties) = preSolution
		HideSolutionNode = FALSE
	EndGlobalSection
	GlobalSection(ExtensibilityGlobals) = postSolution
		SolutionGuid = {74645538-F2EE-4C3A-8C02-3E4F0CD5CDBC}
	EndGlobalSection
EndGlobal
